
Microsoft Visual Studio Solution File, Format Version 12.00
# Visual Studio Version 17
VisualStudioVersion = 17.7.34009.444
MinimumVisualStudioVersion = 10.0.40219.1
Project("{FAE04EC0-301F-11D3-BF4B-00C04F79EFBC}") = "PlasticColorDistributor", "PlasticColorDistributor.csproj", "{2E671527-2417-478C-A3F4-E62C01C1C1AF}"
EndProject
Global
	GlobalSection(SolutionConfigurationPlatforms) = preSolution
		Debug|Any CPU = Debug|Any CPU
		Release|Any CPU = Release|Any CPU
	EndGlobalSection
	GlobalSection(ProjectConfigurationPlatforms) = postSolution
		{2E671527-2417-478C-A3F4-E62C01C1C1AF}.Debug|Any CPU.ActiveCfg = Debug|Any CPU
		{2E671527-2417-478C-A3F4-E62C01C1C1AF}.Debug|Any CPU.Build.0 = Debug|Any CPU
		{2E671527-2417-478C-A3F4-E62C01C1C1AF}.Release|Any CPU.ActiveCfg = Release|Any CPU
		{2E671527-2417-478C-A3F4-E62C01C1C1AF}.Release|Any CPU.Build.0 = Release|Any CPU
	EndGlobalSection
	GlobalSection(SolutionProperties) = preSolution
		HideSolutionNode = FALSE
	EndGlobalSection
	GlobalSection(ExtensibilityGlobals) = postSolution
		SolutionGuid = {2DDD7BD7-6653-47E2-A1CC-8F9068F8C3CB}
	EndGlobalSection
EndGlobal
